
Microsoft Visual Studio Solution File, Format Version 12.00
# Visual Studio Version 16
VisualStudioVersion = 16.0.28922.388
MinimumVisualStudioVersion = 10.0.40219.1
Project("{9A19103F-16F7-4668-BE54-9A1E7A4F7556}") = "SatisfactorySaveParser", "SatisfactorySaveParser\SatisfactorySaveParser.csproj", "{5AC4782E-15E3-4B5D-B231-74741A83B0D5}"
EndProject
Project("{9A19103F-16F7-4668-BE54-9A1E7A4F7556}") = "SatisfactorySaveParser.Tests", "SatisfactorySaveParser.Tests\SatisfactorySaveParser.Tests.csproj", "{AA1612B7-8B82-43E1-802C-46435E770E11}"
EndProject
Project("{9A19103F-16F7-4668-BE54-9A1E7A4F7556}") = "SatisfactorySaveEditorCli", "SatisfactorySaveEditorCli\SatisfactorySaveEditorCli.csproj", "{4568CD4B-EF7F-45B6-8228-A111A4BCAA26}"
EndProject
Project("{FAE04EC0-301F-11D3-BF4B-00C04F79EFBC}") = "SatisfactorySaveEditor", "SatisfactorySaveEditor\SatisfactorySaveEditor.csproj", "{F8A0CC1C-AC62-4FD0-841D-8DC988518CFC}"
EndProject
Global
	GlobalSection(SolutionConfigurationPlatforms) = preSolution
		Debug|Any CPU = Debug|Any CPU
		Release|Any CPU = Release|Any CPU
	EndGlobalSection
	GlobalSection(ProjectConfigurationPlatforms) = postSolution
		{5AC4782E-15E3-4B5D-B231-74741A83B0D5}.Debug|Any CPU.ActiveCfg = Debug|Any CPU
		{5AC4782E-15E3-4B5D-B231-74741A83B0D5}.Debug|Any CPU.Build.0 = Debug|Any CPU
		{5AC4782E-15E3-4B5D-B231-74741A83B0D5}.Release|Any CPU.ActiveCfg = Release|Any CPU
		{5AC4782E-15E3-4B5D-B231-74741A83B0D5}.Release|Any CPU.Build.0 = Release|Any CPU
		{AA1612B7-8B82-43E1-802C-46435E770E11}.Debug|Any CPU.ActiveCfg = Debug|Any CPU
		{AA1612B7-8B82-43E1-802C-46435E770E11}.Debug|Any CPU.Build.0 = Debug|Any CPU
		{AA1612B7-8B82-43E1-802C-46435E770E11}.Release|Any CPU.ActiveCfg = Release|Any CPU
		{AA1612B7-8B82-43E1-802C-46435E770E11}.Release|Any CPU.Build.0 = Release|Any CPU
		{4568CD4B-EF7F-45B6-8228-A111A4BCAA26}.Debug|Any CPU.ActiveCfg = Debug|Any CPU
		{4568CD4B-EF7F-45B6-8228-A111A4BCAA26}.Debug|Any CPU.Build.0 = Debug|Any CPU
		{4568CD4B-EF7F-45B6-8228-A111A4BCAA26}.Release|Any CPU.ActiveCfg = Release|Any CPU
		{4568CD4B-EF7F-45B6-8228-A111A4BCAA26}.Release|Any CPU.Build.0 = Release|Any CPU
		{F8A0CC1C-AC62-4FD0-841D-8DC988518CFC}.Debug|Any CPU.ActiveCfg = Debug|Any CPU
		{F8A0CC1C-AC62-4FD0-841D-8DC988518CFC}.Debug|Any CPU.Build.0 = Debug|Any CPU
		{F8A0CC1C-AC62-4FD0-841D-8DC988518CFC}.Release|Any CPU.ActiveCfg = Release|Any CPU
		{F8A0CC1C-AC62-4FD0-841D-8DC988518CFC}.Release|Any CPU.Build.0 = Release|Any CPU
	EndGlobalSection
	GlobalSection(SolutionProperties) = preSolution
		HideSolutionNode = FALSE
	EndGlobalSection
	GlobalSection(ExtensibilityGlobals) = postSolution
		SolutionGuid = {B19B4750-E720-4EBE-B8BB-B96379BB13BD}
	EndGlobalSection
EndGlobal
